
Microsoft Visual Studio Solution File, Format Version 12.00
# Visual Studio 15
VisualStudioVersion = 15.0.28307.1082
MinimumVisualStudioVersion = 10.0.40219.1
Project("{FAE04EC0-301F-11D3-BF4B-00C04F79EFBC}") = "EmployeeManagement", "EmployeeManagement\EmployeeManagement.csproj", "{BCC53C89-C03C-4635-9E7A-3DF0E92ABA05}"
EndProject
Global
	GlobalSection(SolutionConfigurationPlatforms) = preSolution
		Debug|Any CPU = Debug|Any CPU
		Release|Any CPU = Release|Any CPU
	EndGlobalSection
	GlobalSection(ProjectConfigurationPlatforms) = postSolution
		{BCC53C89-C03C-4635-9E7A-3DF0E92ABA05}.Debug|Any CPU.ActiveCfg = Debug|Any CPU
		{BCC53C89-C03C-4635-9E7A-3DF0E92ABA05}.Debug|Any CPU.Build.0 = Debug|Any CPU
		{BCC53C89-C03C-4635-9E7A-3DF0E92ABA05}.Release|Any CPU.ActiveCfg = Release|Any CPU
		{BCC53C89-C03C-4635-9E7A-3DF0E92ABA05}.Release|Any CPU.Build.0 = Release|Any CPU
	EndGlobalSection
	GlobalSection(SolutionProperties) = preSolution
		HideSolutionNode = FALSE
	EndGlobalSection
	GlobalSection(ExtensibilityGlobals) = postSolution
		SolutionGuid = {2E720798-3C23-4F13-AECD-2B5110C20133}
	EndGlobalSection
EndGlobal
